# @generated - this file is auto-generated by `mise lock` https://mise.jdx.dev/dev-tools/mise-lock.html

[conda-packages.linux-arm64."_openmp_mutex-4.5-20_gnu"]
url = "https://conda.anaconda.org/conda-forge/linux-aarch64/_openmp_mutex-4.5-20_gnu.conda"
checksum = "sha256:a2527b1d81792a0ccd2c05850960df119c2b6d8f5fdec97f2db7d25dc23b1068"

[conda-packages.linux-arm64."libgcc-15.2.0-h8acb6b2_19"]
url = "https://conda.anaconda.org/conda-forge/linux-aarch64/libgcc-15.2.0-h8acb6b2_19.conda"
checksum = "sha256:4592b096e553f67799ae70d4b6167eeda3ec74587d68c7aecbf4e7b1df136681"

[conda-packages.linux-arm64."libgomp-15.2.0-h8acb6b2_19"]
url = "https://conda.anaconda.org/conda-forge/linux-aarch64/libgomp-15.2.0-h8acb6b2_19.conda"
checksum = "sha256:2370ef0ffcbae5bede3c4bf136add4abc257245eb91f724c99bb4a43116c5a83"

[conda-packages.linux-arm64-musl."_openmp_mutex-4.5-20_gnu"]
url = "https://conda.anaconda.org/conda-forge/linux-aarch64/_openmp_mutex-4.5-20_gnu.conda"
checksum = "sha256:a2527b1d81792a0ccd2c05850960df119c2b6d8f5fdec97f2db7d25dc23b1068"

[conda-packages.linux-arm64-musl."libgcc-15.2.0-h8acb6b2_19"]
url = "https://conda.anaconda.org/conda-forge/linux-aarch64/libgcc-15.2.0-h8acb6b2_19.conda"
checksum = "sha256:4592b096e553f67799ae70d4b6167eeda3ec74587d68c7aecbf4e7b1df136681"

[conda-packages.linux-arm64-musl."libgomp-15.2.0-h8acb6b2_19"]
url = "https://conda.anaconda.org/conda-forge/linux-aarch64/libgomp-15.2.0-h8acb6b2_19.conda"
checksum = "sha256:2370ef0ffcbae5bede3c4bf136add4abc257245eb91f724c99bb4a43116c5a83"

[conda-packages.linux-x64."_openmp_mutex-4.5-20_gnu"]
url = "https://conda.anaconda.org/conda-forge/linux-64/_openmp_mutex-4.5-20_gnu.conda"
checksum = "sha256:1dd3fffd892081df9726d7eb7e0dea6198962ba775bd88842135a4ddb4deb3c9"

[conda-packages.linux-x64."libgcc-15.2.0-he0feb66_19"]
url = "https://conda.anaconda.org/conda-forge/linux-64/libgcc-15.2.0-he0feb66_19.conda"
checksum = "sha256:8e0a3b5e41272e5678499b5dfc4cddb673f9e935de01eb0767ce857001229f46"

[conda-packages.linux-x64."libgomp-15.2.0-he0feb66_19"]
url = "https://conda.anaconda.org/conda-forge/linux-64/libgomp-15.2.0-he0feb66_19.conda"
checksum = "sha256:5abe4ab9d93f6c9757d654f1969ae2267d4505315c1f2f8fe705fd60af084f1b"

[conda-packages.linux-x64-musl."_openmp_mutex-4.5-20_gnu"]
url = "https://conda.anaconda.org/conda-forge/linux-64/_openmp_mutex-4.5-20_gnu.conda"
checksum = "sha256:1dd3fffd892081df9726d7eb7e0dea6198962ba775bd88842135a4ddb4deb3c9"

[conda-packages.linux-x64-musl."libgcc-15.2.0-he0feb66_19"]
url = "https://conda.anaconda.org/conda-forge/linux-64/libgcc-15.2.0-he0feb66_19.conda"
checksum = "sha256:8e0a3b5e41272e5678499b5dfc4cddb673f9e935de01eb0767ce857001229f46"

[conda-packages.linux-x64-musl."libgomp-15.2.0-he0feb66_19"]
url = "https://conda.anaconda.org/conda-forge/linux-64/libgomp-15.2.0-he0feb66_19.conda"
checksum = "sha256:5abe4ab9d93f6c9757d654f1969ae2267d4505315c1f2f8fe705fd60af084f1b"

[conda-packages.windows-x64."_openmp_mutex-4.5-20_gnu"]
url = "https://conda.anaconda.org/conda-forge/win-64/_openmp_mutex-4.5-20_gnu.conda"
checksum = "sha256:8a1cee28bd0ee7451ada1cd50b64720e57e17ff994fc62dd8329bef570d382e4"

[conda-packages.windows-x64."libgcc-16.2.0-h110b43a_7"]
url = "https://conda.anaconda.org/conda-forge/win-64/libgcc-16.2.0-h110b43a_7.conda"
checksum = "sha256:59feb6d16cba13a70f22dae70a44670eb2cc45e652e9a34a014814c2ca871132"

[conda-packages.windows-x64."libgomp-16.2.0-h8ee18e1_7"]
url = "https://conda.anaconda.org/conda-forge/win-64/libgomp-16.2.0-h8ee18e1_7.conda"
checksum = "sha256:4b8a747f047d069ccd2a6cf2f4fdbc6b0c0e4dcd840998d1fe607b8c234e707b"

[conda-packages.windows-x64."libwinpthread-12.0.0.r4.gg4f2fc60ca-h57928b3_10"]
url = "https://conda.anaconda.org/conda-forge/win-64/libwinpthread-12.0.0.r4.gg4f2fc60ca-h57928b3_10.conda"
checksum = "sha256:0fccf2d17026255b6e10ace1f191d0a2a18f2d65088fd02430be17c701f8ffe0"

[conda-packages.windows-x64."ucrt-10.0.26100.0-h57928b3_0"]
url = "https://conda.anaconda.org/conda-forge/win-64/ucrt-10.0.26100.0-h57928b3_0.conda"
checksum = "sha256:3005729dce6f3d3f5ec91dfc49fc75a0095f9cd23bab49efb899657297ac91a5"

[[tools.bat]]
version = "0.26.1"
backend = "aqua:sharkdp/bat"

[tools.bat."platforms.linux-arm64"]
checksum = "sha256:6369242c584065f195fb20cb36fbd7cb63ae690605bbe89868a7596b596c2c23"
url = "https://github.com/sharkdp/bat/releases/download/v0.26.1/bat-v0.26.1-aarch64-unknown-linux-musl.tar.gz"
url_api = "https://api.github.com/repos/sharkdp/bat/releases/assets/323548153"

[tools.bat."platforms.linux-arm64-musl"]
checksum = "sha256:6369242c584065f195fb20cb36fbd7cb63ae690605bbe89868a7596b596c2c23"
url = "https://github.com/sharkdp/bat/releases/download/v0.26.1/bat-v0.26.1-aarch64-unknown-linux-musl.tar.gz"
url_api = "https://api.github.com/repos/sharkdp/bat/releases/assets/323548153"

[tools.bat."platforms.linux-x64"]
checksum = "sha256:0dcd8ac79732c0d5b136f11f4ee00e581440e16a44eab5b3105b611bbf2cf191"
url = "https://github.com/sharkdp/bat/releases/download/v0.26.1/bat-v0.26.1-x86_64-unknown-linux-musl.tar.gz"
url_api = "https://api.github.com/repos/sharkdp/bat/releases/assets/323549429"

[tools.bat."platforms.linux-x64-musl"]
checksum = "sha256:0dcd8ac79732c0d5b136f11f4ee00e581440e16a44eab5b3105b611bbf2cf191"
url = "https://github.com/sharkdp/bat/releases/download/v0.26.1/bat-v0.26.1-x86_64-unknown-linux-musl.tar.gz"
url_api = "https://api.github.com/repos/sharkdp/bat/releases/assets/323549429"

[tools.bat."platforms.macos-arm64"]
checksum = "sha256:e30beff26779c9bf60bb541e1d79046250cb74378f2757f8eb250afddb19e114"
url = "https://github.com/sharkdp/bat/releases/download/v0.26.1/bat-v0.26.1-aarch64-apple-darwin.tar.gz"
url_api = "https://api.github.com/repos/sharkdp/bat/releases/assets/323548442"

[tools.bat."platforms.macos-x64"]
checksum = "sha256:830d63b0bba1fa040542ec569e3cf77f60d3356b9de75116a344b061e0894245"
url = "https://github.com/sharkdp/bat/releases/download/v0.26.1/bat-v0.26.1-x86_64-apple-darwin.tar.gz"
url_api = "https://api.github.com/repos/sharkdp/bat/releases/assets/323549786"

[tools.bat."platforms.windows-x64"]
checksum = "sha256:0f729b4b6f5f28d395c641eacc2e9ff68d0096b85aa0eec344aa62425144b69b"
url = "https://github.com/sharkdp/bat/releases/download/v0.26.1/bat-v0.26.1-x86_64-pc-windows-msvc.zip"
url_api = "https://api.github.com/repos/sharkdp/bat/releases/assets/323549116"

[[tools.chezmoi]]
version = "2.73.0"
backend = "aqua:twpayne/chezmoi"

[tools.chezmoi."platforms.linux-arm64"]
checksum = "sha256:abcb840401d3c1f2356e0f53f5d52aa10d10f572654d9626db9ad0ca4dc03355"
url = "https://github.com/twpayne/chezmoi/releases/download/v2.73.0/chezmoi_2.73.0_linux_arm64.tar.gz"
url_api = "https://api.github.com/repos/twpayne/chezmoi/releases/assets/596270525"
provenance = "cosign"

[tools.chezmoi."platforms.linux-arm64-musl"]
checksum = "sha256:abcb840401d3c1f2356e0f53f5d52aa10d10f572654d9626db9ad0ca4dc03355"
url = "https://github.com/twpayne/chezmoi/releases/download/v2.73.0/chezmoi_2.73.0_linux_arm64.tar.gz"
url_api = "https://api.github.com/repos/twpayne/chezmoi/releases/assets/596270525"
provenance = "cosign"

[tools.chezmoi."platforms.linux-x64"]
checksum = "sha256:b597729b687af4488a848240134cb633de8ca0f04e0d26d48f400ee2ac338ffa"
url = "https://github.com/twpayne/chezmoi/releases/download/v2.73.0/chezmoi_2.73.0_linux-glibc_amd64.tar.gz"
url_api = "https://api.github.com/repos/twpayne/chezmoi/releases/assets/596270983"
provenance = "cosign"

[tools.chezmoi."platforms.linux-x64-musl"]
checksum = "sha256:09559524c5c724df9d452f1e78cfeca063d68c18a38b3bebb8bf48e9b13249b7"
url = "https://github.com/twpayne/chezmoi/releases/download/v2.73.0/chezmoi_2.73.0_linux-musl_amd64.tar.gz"
url_api = "https://api.github.com/repos/twpayne/chezmoi/releases/assets/596271005"
provenance = "cosign"

[tools.chezmoi."platforms.macos-arm64"]
checksum = "sha256:246679a0b200e7e8be4a951be3b95d37c33ecb87eaab5af6f4949f7d0317bcc1"
url = "https://github.com/twpayne/chezmoi/releases/download/v2.73.0/chezmoi_2.73.0_darwin_arm64.tar.gz"
url_api = "https://api.github.com/repos/twpayne/chezmoi/releases/assets/596270971"
provenance = "cosign"

[tools.chezmoi."platforms.macos-x64"]
checksum = "sha256:55e7b0823b40966a239cb418b37201c5f0961bab1b797c933550c97b1ab08221"
url = "https://github.com/twpayne/chezmoi/releases/download/v2.73.0/chezmoi_2.73.0_darwin_amd64.tar.gz"
url_api = "https://api.github.com/repos/twpayne/chezmoi/releases/assets/596270751"
provenance = "cosign"

[tools.chezmoi."platforms.windows-x64"]
checksum = "sha256:266938399108028a5b6dc7a137026e3ead747304122e5fe381d5396e496620f6"
url = "https://github.com/twpayne/chezmoi/releases/download/v2.73.0/chezmoi_2.73.0_windows_amd64.zip"
url_api = "https://api.github.com/repos/twpayne/chezmoi/releases/assets/596270605"
provenance = "cosign"

[[tools.delta]]
version = "0.19.2"
backend = "aqua:dandavison/delta"

[tools.delta."platforms.linux-arm64"]
checksum = "sha256:0bfce159a5cddd5feb3d6db4a616d883ff51253ce08ac7ec11cb1d208cfaab9e"
url = "https://github.com/dandavison/delta/releases/download/0.19.2/delta-0.19.2-aarch64-unknown-linux-gnu.tar.gz"
url_api = "https://api.github.com/repos/dandavison/delta/releases/assets/383662337"

[tools.delta."platforms.linux-x64"]
checksum = "sha256:f1ea01ca7728ce3462debc359f39dfc7cbbc1a63224b71fefabf92042864aa1b"
url = "https://github.com/dandavison/delta/releases/download/0.19.2/delta-0.19.2-x86_64-unknown-linux-musl.tar.gz"
url_api = "https://api.github.com/repos/dandavison/delta/releases/assets/383662298"

[tools.delta."platforms.linux-x64-musl"]
checksum = "sha256:f1ea01ca7728ce3462debc359f39dfc7cbbc1a63224b71fefabf92042864aa1b"
url = "https://github.com/dandavison/delta/releases/download/0.19.2/delta-0.19.2-x86_64-unknown-linux-musl.tar.gz"
url_api = "https://api.github.com/repos/dandavison/delta/releases/assets/383662298"

[tools.delta."platforms.macos-arm64"]
checksum = "sha256:9be36612a5a13e9e386dc498fb8e50dc87c72ee42b63db0ea05b32f99a72a69a"
url = "https://github.com/dandavison/delta/releases/download/0.19.2/delta-0.19.2-aarch64-apple-darwin.tar.gz"
url_api = "https://api.github.com/repos/dandavison/delta/releases/assets/383662310"

[tools.delta."platforms.windows-x64"]
checksum = "sha256:ac8ebb4a9f1cbee8b9ea897ba119808a244181adae6f3bed1f3b6b923c50b557"
url = "https://github.com/dandavison/delta/releases/download/0.19.2/delta-0.19.2-x86_64-pc-windows-msvc.zip"
url_api = "https://api.github.com/repos/dandavison/delta/releases/assets/383663165"

[[tools.fd]]
version = "10.5.0"
backend = "aqua:sharkdp/fd"

[tools.fd."platforms.linux-arm64"]
checksum = "sha256:c0ee43802e3313a317c5af2f4eabd6ba13eeedd595af9775f05e18a13ac4f52c"
url = "https://github.com/sharkdp/fd/releases/download/v10.5.0/fd-v10.5.0-aarch64-unknown-linux-gnu.tar.gz"
url_api = "https://api.github.com/repos/sharkdp/fd/releases/assets/530482307"

[tools.fd."platforms.linux-arm64-musl"]
checksum = "sha256:d76c4317f7d5dba69f8a2a15856c90c777e7f0dd4e85f0de8c76de6992c374d4"
url = "https://github.com/sharkdp/fd/releases/download/v10.5.0/fd-v10.5.0-aarch64-unknown-linux-musl.tar.gz"
url_api = "https://api.github.com/repos/sharkdp/fd/releases/assets/530481810"

[tools.fd."platforms.linux-x64"]
checksum = "sha256:a1259cd129636efbc3fef123525c1b49e88fe5088c012630983c310e52fdfa95"
url = "https://github.com/sharkdp/fd/releases/download/v10.5.0/fd-v10.5.0-x86_64-unknown-linux-gnu.tar.gz"
url_api = "https://api.github.com/repos/sharkdp/fd/releases/assets/530481615"

[tools.fd."platforms.linux-x64-musl"]
checksum = "sha256:761c72dc8e120d85b22292063be8a796e2eeb20eb3e4f38b8fa2343ccf3514a7"
url = "https://github.com/sharkdp/fd/releases/download/v10.5.0/fd-v10.5.0-x86_64-unknown-linux-musl.tar.gz"
url_api = "https://api.github.com/repos/sharkdp/fd/releases/assets/530481315"

[tools.fd."platforms.macos-arm64"]
checksum = "sha256:b67e1836c468e42e411984b56e52fa7abec08c2bd22c867398e7cc134aac5e12"
url = "https://github.com/sharkdp/fd/releases/download/v10.5.0/fd-v10.5.0-aarch64-apple-darwin.tar.gz"
url_api = "https://api.github.com/repos/sharkdp/fd/releases/assets/530481346"

[tools.fd."platforms.windows-x64"]
checksum = "sha256:a227701b8551c35a9931d9f6da75503cf86d88e182d71fb849a70864c5d57cd7"
url = "https://github.com/sharkdp/fd/releases/download/v10.5.0/fd-v10.5.0-x86_64-pc-windows-msvc.zip"
url_api = "https://api.github.com/repos/sharkdp/fd/releases/assets/530482901"

[[tools.fzf]]
version = "0.74.4"
backend = "aqua:junegunn/fzf"

[tools.fzf."platforms.linux-arm64"]
checksum = "sha256:5d673b849f494f0d64ec471d8640b153ca8849e3846a31da17abdcfce8df6b46"
url = "https://github.com/junegunn/fzf/releases/download/v0.74.4/fzf-0.74.4-linux_arm64.tar.gz"
url_api = "https://api.github.com/repos/junegunn/fzf/releases/assets/558287789"

[tools.fzf."platforms.linux-arm64-musl"]
checksum = "sha256:5d673b849f494f0d64ec471d8640b153ca8849e3846a31da17abdcfce8df6b46"
url = "https://github.com/junegunn/fzf/releases/download/v0.74.4/fzf-0.74.4-linux_arm64.tar.gz"
url_api = "https://api.github.com/repos/junegunn/fzf/releases/assets/558287789"

[tools.fzf."platforms.linux-x64"]
checksum = "sha256:05e6813a337cc722c3ed07e54a764b75cc5d671e2e60459db0ba696ee5fa7504"
url = "https://github.com/junegunn/fzf/releases/download/v0.74.4/fzf-0.74.4-linux_amd64.tar.gz"
url_api = "https://api.github.com/repos/junegunn/fzf/releases/assets/558287768"

[tools.fzf."platforms.linux-x64-musl"]
checksum = "sha256:05e6813a337cc722c3ed07e54a764b75cc5d671e2e60459db0ba696ee5fa7504"
url = "https://github.com/junegunn/fzf/releases/download/v0.74.4/fzf-0.74.4-linux_amd64.tar.gz"
url_api = "https://api.github.com/repos/junegunn/fzf/releases/assets/558287768"

[tools.fzf."platforms.macos-arm64"]
checksum = "sha256:4f6a113bfc0c7959e0005c78d566a51afc4fcefc956f43735c62a9deb19e92ae"
url = "https://github.com/junegunn/fzf/releases/download/v0.74.4/fzf-0.74.4-darwin_arm64.tar.gz"
url_api = "https://api.github.com/repos/junegunn/fzf/releases/assets/558287774"

[tools.fzf."platforms.macos-x64"]
checksum = "sha256:2d392b50be66e2ab104ccd52a6072df692b1f9b9c5b449a9c098de885f32c4c5"
url = "https://github.com/junegunn/fzf/releases/download/v0.74.4/fzf-0.74.4-darwin_amd64.tar.gz"
url_api = "https://api.github.com/repos/junegunn/fzf/releases/assets/558287717"

[tools.fzf."platforms.windows-x64"]
checksum = "sha256:5e63c0e798406fcb9c51a9fed4988398e25fdabf8c670e32c16caf7b4a7ed02d"
url = "https://github.com/junegunn/fzf/releases/download/v0.74.4/fzf-0.74.4-windows_amd64.zip"
url_api = "https://api.github.com/repos/junegunn/fzf/releases/assets/558287758"

[[tools.gopass]]
version = "1.17.3"
backend = "aqua:gopasspw/gopass"

[tools.gopass."platforms.linux-arm64"]
checksum = "sha256:b83de1d43fab75d609239fe6fbd62747d28d03cf18e32d73dfe183ae3a610e91"
url = "https://github.com/gopasspw/gopass/releases/download/v1.17.3/gopass-1.17.3-linux-arm64.tar.gz"
url_api = "https://api.github.com/repos/gopasspw/gopass/releases/assets/581984149"

[tools.gopass."platforms.linux-arm64-musl"]
checksum = "sha256:b83de1d43fab75d609239fe6fbd62747d28d03cf18e32d73dfe183ae3a610e91"
url = "https://github.com/gopasspw/gopass/releases/download/v1.17.3/gopass-1.17.3-linux-arm64.tar.gz"
url_api = "https://api.github.com/repos/gopasspw/gopass/releases/assets/581984149"

[tools.gopass."platforms.linux-x64"]
checksum = "sha256:a9646cdd28a2a9e5503407f10823df6761e036e04657a488ab6160c67fa1e1c8"
url = "https://github.com/gopasspw/gopass/releases/download/v1.17.3/gopass-1.17.3-linux-amd64.tar.gz"
url_api = "https://api.github.com/repos/gopasspw/gopass/releases/assets/581984090"

[tools.gopass."platforms.linux-x64-musl"]
checksum = "sha256:a9646cdd28a2a9e5503407f10823df6761e036e04657a488ab6160c67fa1e1c8"
url = "https://github.com/gopasspw/gopass/releases/download/v1.17.3/gopass-1.17.3-linux-amd64.tar.gz"
url_api = "https://api.github.com/repos/gopasspw/gopass/releases/assets/581984090"

[tools.gopass."platforms.macos-arm64"]
checksum = "sha256:79a711cf6a3759de4fee82c9de61db8cb8c61ca3d28db179d79ecd4664eff7d5"
url = "https://github.com/gopasspw/gopass/releases/download/v1.17.3/gopass-1.17.3-darwin-arm64.tar.gz"
url_api = "https://api.github.com/repos/gopasspw/gopass/releases/assets/581984120"

[tools.gopass."platforms.macos-x64"]
checksum = "sha256:fe9394cab6f7f476c3ca042d6de1d76c948ca0d7f51a17c6199887c5623369ea"
url = "https://github.com/gopasspw/gopass/releases/download/v1.17.3/gopass-1.17.3-darwin-amd64.tar.gz"
url_api = "https://api.github.com/repos/gopasspw/gopass/releases/assets/581984119"

[tools.gopass."platforms.windows-x64"]
checksum = "sha256:16b3300f711c7b3936687dadedf9673b5dc98bd85cc0f569b5f37e1ffcc733ac"
url = "https://github.com/gopasspw/gopass/releases/download/v1.17.3/gopass-1.17.3-windows-amd64.zip"
url_api = "https://api.github.com/repos/gopasspw/gopass/releases/assets/581984041"

[[tools.jq]]
version = "1.8.2"
backend = "aqua:jqlang/jq"

[tools.jq."platforms.linux-arm64"]
checksum = "sha256:8b85c817833814ddca00a144c33705546355afccf0cf39b188f3cdb48b852309"
url = "https://github.com/jqlang/jq/releases/download/jq-1.8.2/jq-linux-arm64"
url_api = "https://api.github.com/repos/jqlang/jq/releases/assets/453012756"
provenance = "github-attestations"

[tools.jq."platforms.linux-arm64-musl"]
checksum = "sha256:8b85c817833814ddca00a144c33705546355afccf0cf39b188f3cdb48b852309"
url = "https://github.com/jqlang/jq/releases/download/jq-1.8.2/jq-linux-arm64"
url_api = "https://api.github.com/repos/jqlang/jq/releases/assets/453012756"
provenance = "github-attestations"

[tools.jq."platforms.linux-x64"]
checksum = "sha256:b1c22172dd303f3be49e935aa56aa48a8b7a46e0bc838b4997d3bb451495870f"
url = "https://github.com/jqlang/jq/releases/download/jq-1.8.2/jq-linux-amd64"
url_api = "https://api.github.com/repos/jqlang/jq/releases/assets/453012752"
provenance = "github-attestations"

[tools.jq."platforms.linux-x64-musl"]
checksum = "sha256:b1c22172dd303f3be49e935aa56aa48a8b7a46e0bc838b4997d3bb451495870f"
url = "https://github.com/jqlang/jq/releases/download/jq-1.8.2/jq-linux-amd64"
url_api = "https://api.github.com/repos/jqlang/jq/releases/assets/453012752"
provenance = "github-attestations"

[tools.jq."platforms.macos-arm64"]
checksum = "sha256:2d75340ba57a4b4b4c8708a21c2dc8e958a48aaa8bba13b27f77f6e4c0eca07e"
url = "https://github.com/jqlang/jq/releases/download/jq-1.8.2/jq-macos-arm64"
url_api = "https://api.github.com/repos/jqlang/jq/releases/assets/453012783"
provenance = "github-attestations"

[tools.jq."platforms.macos-x64"]
checksum = "sha256:e94b266e3c26690550006abe63152b782280f4e14374accdf04cbde844f00bc0"
url = "https://github.com/jqlang/jq/releases/download/jq-1.8.2/jq-macos-amd64"
url_api = "https://api.github.com/repos/jqlang/jq/releases/assets/453012782"
provenance = "github-attestations"

[tools.jq."platforms.windows-x64"]
checksum = "sha256:a6fc67fedaf9128a3309a1e2ebb8b986aeccf70122ee46d2cb4849e423f0c627"
url = "https://github.com/jqlang/jq/releases/download/jq-1.8.2/jq-windows-amd64.exe"
url_api = "https://api.github.com/repos/jqlang/jq/releases/assets/453012788"
provenance = "github-attestations"

[[tools.lazygit]]
version = "0.65.1"
backend = "aqua:jesseduffield/lazygit"

[tools.lazygit."platforms.linux-arm64"]
checksum = "sha256:49abecdf6adf4f2dfdb11bf7b9bfada267ea523612ed809d1c6d87f6c04000a7"
url = "https://github.com/jesseduffield/lazygit/releases/download/v0.65.1/lazygit_0.65.1_linux_arm64.tar.gz"
url_api = "https://api.github.com/repos/jesseduffield/lazygit/releases/assets/560658270"

[tools.lazygit."platforms.linux-arm64-musl"]
checksum = "sha256:49abecdf6adf4f2dfdb11bf7b9bfada267ea523612ed809d1c6d87f6c04000a7"
url = "https://github.com/jesseduffield/lazygit/releases/download/v0.65.1/lazygit_0.65.1_linux_arm64.tar.gz"
url_api = "https://api.github.com/repos/jesseduffield/lazygit/releases/assets/560658270"

[tools.lazygit."platforms.linux-x64"]
checksum = "sha256:02beacbcda0fa342e50ae3480ba8147307353af3fb28e1d5f790e02329c201a6"
url = "https://github.com/jesseduffield/lazygit/releases/download/v0.65.1/lazygit_0.65.1_linux_x86_64.tar.gz"
url_api = "https://api.github.com/repos/jesseduffield/lazygit/releases/assets/560658266"

[tools.lazygit."platforms.linux-x64-musl"]
checksum = "sha256:02beacbcda0fa342e50ae3480ba8147307353af3fb28e1d5f790e02329c201a6"
url = "https://github.com/jesseduffield/lazygit/releases/download/v0.65.1/lazygit_0.65.1_linux_x86_64.tar.gz"
url_api = "https://api.github.com/repos/jesseduffield/lazygit/releases/assets/560658266"

[tools.lazygit."platforms.macos-arm64"]
checksum = "sha256:65a367c6ea9a88efebaaf7998a6835eedb987e04916cef677264ff9b31b1b13e"
url = "https://github.com/jesseduffield/lazygit/releases/download/v0.65.1/lazygit_0.65.1_darwin_arm64.tar.gz"
url_api = "https://api.github.com/repos/jesseduffield/lazygit/releases/assets/560658243"

[tools.lazygit."platforms.macos-x64"]
checksum = "sha256:fde13daf583511aa24c42ca154911643231a5af784c7cdd8117264b2fc035b33"
url = "https://github.com/jesseduffield/lazygit/releases/download/v0.65.1/lazygit_0.65.1_darwin_x86_64.tar.gz"
url_api = "https://api.github.com/repos/jesseduffield/lazygit/releases/assets/560658244"

[tools.lazygit."platforms.windows-x64"]
checksum = "sha256:bed669be29204932560836a58dc6519ba43c10ea7dc7df63af8a1d96424e191d"
url = "https://github.com/jesseduffield/lazygit/releases/download/v0.65.1/lazygit_0.65.1_windows_x86_64.zip"
url_api = "https://api.github.com/repos/jesseduffield/lazygit/releases/assets/560658241"

[[tools.make]]
version = "4.4.1"
backend = "conda:make"

[tools.make.options]
channel = "conda-forge"

[tools.make."platforms.linux-arm64"]
checksum = "sha256:d243aea768e6fa360b7eda598340f43d2a41c9fc169d9f97f505410be68815f8"
url = "https://conda.anaconda.org/conda-forge/linux-aarch64/make-4.4.1-h2a6d0cb_2.conda"
conda_deps = [
    "libgcc-15.2.0-h8acb6b2_19",
    "_openmp_mutex-4.5-20_gnu",
    "libgomp-15.2.0-h8acb6b2_19",
]

[tools.make."platforms.linux-arm64-musl"]
checksum = "sha256:d243aea768e6fa360b7eda598340f43d2a41c9fc169d9f97f505410be68815f8"
url = "https://conda.anaconda.org/conda-forge/linux-aarch64/make-4.4.1-h2a6d0cb_2.conda"
conda_deps = [
    "libgcc-15.2.0-h8acb6b2_19",
    "_openmp_mutex-4.5-20_gnu",
    "libgomp-15.2.0-h8acb6b2_19",
]

[tools.make."platforms.linux-x64"]
checksum = "sha256:d652c7bd4d3b6f82b0f6d063b0d8df6f54cc47531092d7ff008e780f3261bdda"
url = "https://conda.anaconda.org/conda-forge/linux-64/make-4.4.1-hb9d3cd8_2.conda"
conda_deps = [
    "libgcc-15.2.0-he0feb66_19",
    "_openmp_mutex-4.5-20_gnu",
    "libgomp-15.2.0-he0feb66_19",
]

[tools.make."platforms.linux-x64-musl"]
checksum = "sha256:d652c7bd4d3b6f82b0f6d063b0d8df6f54cc47531092d7ff008e780f3261bdda"
url = "https://conda.anaconda.org/conda-forge/linux-64/make-4.4.1-hb9d3cd8_2.conda"
conda_deps = [
    "libgcc-15.2.0-he0feb66_19",
    "_openmp_mutex-4.5-20_gnu",
    "libgomp-15.2.0-he0feb66_19",
]

[tools.make."platforms.windows-x64"]
checksum = "sha256:8b1a30f3e6442ed4c161e7aabab396ce35c61a3c235ece53edf2a78c95d18fed"
url = "https://conda.anaconda.org/conda-forge/win-64/make-4.4.1-hba3369d_3.conda"
conda_deps = [
    "libgcc-16.2.0-h110b43a_7",
    "libwinpthread-12.0.0.r4.gg4f2fc60ca-h57928b3_10",
    "ucrt-10.0.26100.0-h57928b3_0",
    "_openmp_mutex-4.5-20_gnu",
    "libgomp-16.2.0-h8ee18e1_7",
]

[[tools.neovim]]
version = "0.12.5"
backend = "vfox:mise-plugins/vfox-neovim"

[tools.neovim."platforms.linux-arm64"]
url = "https://github.com/neovim/neovim/releases/download/v0.12.5/nvim-linux-arm64.tar.gz"

[tools.neovim."platforms.linux-arm64-musl"]
url = "https://github.com/neovim/neovim/releases/download/v0.12.5/nvim-linux-arm64.tar.gz"

[tools.neovim."platforms.linux-x64"]
url = "https://github.com/neovim/neovim/releases/download/v0.12.5/nvim-linux-x86_64.tar.gz"

[tools.neovim."platforms.linux-x64-musl"]
url = "https://github.com/neovim/neovim/releases/download/v0.12.5/nvim-linux-x86_64.tar.gz"

[tools.neovim."platforms.macos-arm64"]
url = "https://github.com/neovim/neovim/releases/download/v0.12.5/nvim-macos-arm64.tar.gz"

[tools.neovim."platforms.macos-x64"]
url = "https://github.com/neovim/neovim/releases/download/v0.12.5/nvim-macos-x86_64.tar.gz"

[tools.neovim."platforms.windows-x64"]
url = "https://github.com/neovim/neovim/releases/download/v0.12.5/nvim-win64.zip"

[[tools.oh-my-posh]]
version = "31.4.0"
backend = "aqua:JanDeDobbeleer/oh-my-posh"

[tools.oh-my-posh."platforms.linux-arm64"]
checksum = "sha256:dcc5ea2c9c79eda9c89f4790404a84df3f4d0401eefdd949ff91ff91723e5367"
url = "https://github.com/JanDeDobbeleer/oh-my-posh/releases/download/v31.4.0/posh-linux-arm64"
url_api = "https://api.github.com/repos/JanDeDobbeleer/oh-my-posh/releases/assets/595065477"

[tools.oh-my-posh."platforms.linux-arm64-musl"]
checksum = "sha256:dcc5ea2c9c79eda9c89f4790404a84df3f4d0401eefdd949ff91ff91723e5367"
url = "https://github.com/JanDeDobbeleer/oh-my-posh/releases/download/v31.4.0/posh-linux-arm64"
url_api = "https://api.github.com/repos/JanDeDobbeleer/oh-my-posh/releases/assets/595065477"

[tools.oh-my-posh."platforms.linux-x64"]
checksum = "sha256:28ba5d5ec77fbcd6d2681674f6dd92760e07c5f4eb58927b6f9b03d1dd039fd4"
url = "https://github.com/JanDeDobbeleer/oh-my-posh/releases/download/v31.4.0/posh-linux-amd64"
url_api = "https://api.github.com/repos/JanDeDobbeleer/oh-my-posh/releases/assets/595065470"

[tools.oh-my-posh."platforms.linux-x64-musl"]
checksum = "sha256:28ba5d5ec77fbcd6d2681674f6dd92760e07c5f4eb58927b6f9b03d1dd039fd4"
url = "https://github.com/JanDeDobbeleer/oh-my-posh/releases/download/v31.4.0/posh-linux-amd64"
url_api = "https://api.github.com/repos/JanDeDobbeleer/oh-my-posh/releases/assets/595065470"

[tools.oh-my-posh."platforms.macos-arm64"]
checksum = "sha256:45ec901d5eaf668782eca4eb26b3e6416a8dce6330a53a2535d5f69f782d3bab"
url = "https://github.com/JanDeDobbeleer/oh-my-posh/releases/download/v31.4.0/posh-darwin-arm64"
url_api = "https://api.github.com/repos/JanDeDobbeleer/oh-my-posh/releases/assets/595065483"

[tools.oh-my-posh."platforms.macos-x64"]
checksum = "sha256:358c45f1b0b0c560a3df98517612af920c80f1117207ff0b63567491e55d0e33"
url = "https://github.com/JanDeDobbeleer/oh-my-posh/releases/download/v31.4.0/posh-darwin-amd64"
url_api = "https://api.github.com/repos/JanDeDobbeleer/oh-my-posh/releases/assets/595065475"

[tools.oh-my-posh."platforms.windows-x64"]
checksum = "sha256:bfdb9535cb2bc2d0f13bd5dbbc33e3bfcee3f23352c0e82891e1f2b757af2eb0"
url = "https://github.com/JanDeDobbeleer/oh-my-posh/releases/download/v31.4.0/posh-windows-amd64.exe"
url_api = "https://api.github.com/repos/JanDeDobbeleer/oh-my-posh/releases/assets/595065474"

[[tools.ripgrep]]
version = "15.2.0"
backend = "aqua:BurntSushi/ripgrep"

[tools.ripgrep."platforms.linux-arm64"]
checksum = "sha256:a740b91c82eaf9914cfedd353572f2791cbe0162c84101ee0951058f4dcbc90d"
url = "https://github.com/BurntSushi/ripgrep/releases/download/15.2.0/ripgrep-15.2.0-aarch64-unknown-linux-gnu.tar.gz"
url_api = "https://api.github.com/repos/BurntSushi/ripgrep/releases/assets/478119579"

[tools.ripgrep."platforms.linux-arm64-musl"]
checksum = "sha256:800b1e7206afe799dfb5a6901f23147cfaabe0e52210538100f61e86e1740915"
url = "https://github.com/BurntSushi/ripgrep/releases/download/15.2.0/ripgrep-15.2.0-aarch64-unknown-linux-musl.tar.gz"
url_api = "https://api.github.com/repos/BurntSushi/ripgrep/releases/assets/478120060"

[tools.ripgrep."platforms.linux-x64"]
checksum = "sha256:33e15bcf1624b25cdd2a55813a47a2f95dbe126268203e76aa6a585d1e7b149c"
url = "https://github.com/BurntSushi/ripgrep/releases/download/15.2.0/ripgrep-15.2.0-x86_64-unknown-linux-musl.tar.gz"
url_api = "https://api.github.com/repos/BurntSushi/ripgrep/releases/assets/478120097"

[tools.ripgrep."platforms.linux-x64-musl"]
checksum = "sha256:33e15bcf1624b25cdd2a55813a47a2f95dbe126268203e76aa6a585d1e7b149c"
url = "https://github.com/BurntSushi/ripgrep/releases/download/15.2.0/ripgrep-15.2.0-x86_64-unknown-linux-musl.tar.gz"
url_api = "https://api.github.com/repos/BurntSushi/ripgrep/releases/assets/478120097"

[tools.ripgrep."platforms.macos-arm64"]
checksum = "sha256:3750b2e93f37e0c692657da574d7019a101c0084da05a790c83fd335bad973e4"
url = "https://github.com/BurntSushi/ripgrep/releases/download/15.2.0/ripgrep-15.2.0-aarch64-apple-darwin.tar.gz"
url_api = "https://api.github.com/repos/BurntSushi/ripgrep/releases/assets/478118851"

[tools.ripgrep."platforms.macos-x64"]
checksum = "sha256:af7825fcc69a2afc7a7aea55fc9af90e26421d8f20fe59df32e233c0b8a231c1"
url = "https://github.com/BurntSushi/ripgrep/releases/download/15.2.0/ripgrep-15.2.0-x86_64-apple-darwin.tar.gz"
url_api = "https://api.github.com/repos/BurntSushi/ripgrep/releases/assets/478119585"

[tools.ripgrep."platforms.windows-x64"]
checksum = "sha256:71b2fef860abe467217a538ff31de02f5258807c0129f771846f87bd029aafc5"
url = "https://github.com/BurntSushi/ripgrep/releases/download/15.2.0/ripgrep-15.2.0-x86_64-pc-windows-msvc.zip"
url_api = "https://api.github.com/repos/BurntSushi/ripgrep/releases/assets/478119643"

[[tools.shellcheck]]
version = "0.11.0"
backend = "aqua:koalaman/shellcheck"

[tools.shellcheck."platforms.linux-arm64"]
checksum = "sha256:12b331c1d2db6b9eb13cfca64306b1b157a86eb69db83023e261eaa7e7c14588"
url = "https://github.com/koalaman/shellcheck/releases/download/v0.11.0/shellcheck-v0.11.0.linux.aarch64.tar.xz"
url_api = "https://api.github.com/repos/koalaman/shellcheck/releases/assets/279056934"

[tools.shellcheck."platforms.linux-arm64-musl"]
checksum = "sha256:12b331c1d2db6b9eb13cfca64306b1b157a86eb69db83023e261eaa7e7c14588"
url = "https://github.com/koalaman/shellcheck/releases/download/v0.11.0/shellcheck-v0.11.0.linux.aarch64.tar.xz"
url_api = "https://api.github.com/repos/koalaman/shellcheck/releases/assets/279056934"

[tools.shellcheck."platforms.linux-x64"]
checksum = "sha256:8c3be12b05d5c177a04c29e3c78ce89ac86f1595681cab149b65b97c4e227198"
url = "https://github.com/koalaman/shellcheck/releases/download/v0.11.0/shellcheck-v0.11.0.linux.x86_64.tar.xz"
url_api = "https://api.github.com/repos/koalaman/shellcheck/releases/assets/279056942"

[tools.shellcheck."platforms.linux-x64-musl"]
checksum = "sha256:8c3be12b05d5c177a04c29e3c78ce89ac86f1595681cab149b65b97c4e227198"
url = "https://github.com/koalaman/shellcheck/releases/download/v0.11.0/shellcheck-v0.11.0.linux.x86_64.tar.xz"
url_api = "https://api.github.com/repos/koalaman/shellcheck/releases/assets/279056942"

[tools.shellcheck."platforms.macos-arm64"]
checksum = "sha256:56affdd8de5527894dca6dc3d7e0a99a873b0f004d7aabc30ae407d3f48b0a79"
url = "https://github.com/koalaman/shellcheck/releases/download/v0.11.0/shellcheck-v0.11.0.darwin.aarch64.tar.xz"
url_api = "https://api.github.com/repos/koalaman/shellcheck/releases/assets/279056932"

[tools.shellcheck."platforms.macos-x64"]
checksum = "sha256:3c89db4edcab7cf1c27bff178882e0f6f27f7afdf54e859fa041fca10febe4c6"
url = "https://github.com/koalaman/shellcheck/releases/download/v0.11.0/shellcheck-v0.11.0.darwin.x86_64.tar.xz"
url_api = "https://api.github.com/repos/koalaman/shellcheck/releases/assets/279056930"

[tools.shellcheck."platforms.windows-x64"]
checksum = "sha256:8a4e35ab0b331c85d73567b12f2a444df187f483e5079ceffa6bda1faa2e740e"
url = "https://github.com/koalaman/shellcheck/releases/download/v0.11.0/shellcheck-v0.11.0.zip"
url_api = "https://api.github.com/repos/koalaman/shellcheck/releases/assets/279056944"

[[tools.shfmt]]
version = "3.14.1"
backend = "aqua:mvdan/sh"

[tools.shfmt."platforms.linux-arm64"]
checksum = "sha256:5f2db09dae91fca848f7adbdd014632e921a383863a2ad7e0450ad3aba0c6489"
url = "https://github.com/mvdan/sh/releases/download/v3.14.1/shfmt_v3.14.1_linux_arm64"
url_api = "https://api.github.com/repos/mvdan/sh/releases/assets/547320869"

[tools.shfmt."platforms.linux-arm64-musl"]
checksum = "sha256:5f2db09dae91fca848f7adbdd014632e921a383863a2ad7e0450ad3aba0c6489"
url = "https://github.com/mvdan/sh/releases/download/v3.14.1/shfmt_v3.14.1_linux_arm64"
url_api = "https://api.github.com/repos/mvdan/sh/releases/assets/547320869"

[tools.shfmt."platforms.linux-x64"]
checksum = "sha256:76e77641faa025814b77f153b29796b8e6fa2fca03e0c76a691608b86c7ea7bf"
url = "https://github.com/mvdan/sh/releases/download/v3.14.1/shfmt_v3.14.1_linux_amd64"
url_api = "https://api.github.com/repos/mvdan/sh/releases/assets/547320883"

[tools.shfmt."platforms.linux-x64-musl"]
checksum = "sha256:76e77641faa025814b77f153b29796b8e6fa2fca03e0c76a691608b86c7ea7bf"
url = "https://github.com/mvdan/sh/releases/download/v3.14.1/shfmt_v3.14.1_linux_amd64"
url_api = "https://api.github.com/repos/mvdan/sh/releases/assets/547320883"

[tools.shfmt."platforms.macos-arm64"]
checksum = "sha256:b7c872db63553ccffc7253aba3ed7d4885a27d83f1ba567b1138c6315a5847e5"
url = "https://github.com/mvdan/sh/releases/download/v3.14.1/shfmt_v3.14.1_darwin_arm64"
url_api = "https://api.github.com/repos/mvdan/sh/releases/assets/547320930"

[tools.shfmt."platforms.macos-x64"]
checksum = "sha256:d33eee0da0f92835b3562e9767a05cee7e4eaeef47daa03bfd09da17b4b590a6"
url = "https://github.com/mvdan/sh/releases/download/v3.14.1/shfmt_v3.14.1_darwin_amd64"
url_api = "https://api.github.com/repos/mvdan/sh/releases/assets/547320946"

[tools.shfmt."platforms.windows-x64"]
checksum = "sha256:13629ce28442ca80b6b5a819f7574ab39e1c28c6e26734ca816c9714e04851df"
url = "https://github.com/mvdan/sh/releases/download/v3.14.1/shfmt_v3.14.1_windows_amd64.exe"
url_api = "https://api.github.com/repos/mvdan/sh/releases/assets/547320827"

[[tools.tmux]]
version = "3.7b"
backend = "aqua:tmux/tmux-builds"

[tools.tmux."platforms.linux-arm64"]
checksum = "sha256:b2955782695283fbc3682a2f77d65616f53b986ee3cf3d80618d3b1cb95b91a6"
url = "https://github.com/tmux/tmux-builds/releases/download/v3.7b/tmux-3.7b-linux-arm64.tar.gz"
url_api = "https://api.github.com/repos/tmux/tmux-builds/releases/assets/465072868"

[tools.tmux."platforms.linux-arm64-musl"]
checksum = "sha256:b2955782695283fbc3682a2f77d65616f53b986ee3cf3d80618d3b1cb95b91a6"
url = "https://github.com/tmux/tmux-builds/releases/download/v3.7b/tmux-3.7b-linux-arm64.tar.gz"
url_api = "https://api.github.com/repos/tmux/tmux-builds/releases/assets/465072868"

[tools.tmux."platforms.linux-x64"]
checksum = "sha256:f85e6c1c412750a774eb3f370f33bad05fc726fb8b6a0b174ad6f0b6d954df58"
url = "https://github.com/tmux/tmux-builds/releases/download/v3.7b/tmux-3.7b-linux-x86_64.tar.gz"
url_api = "https://api.github.com/repos/tmux/tmux-builds/releases/assets/465072866"

[tools.tmux."platforms.linux-x64-musl"]
checksum = "sha256:f85e6c1c412750a774eb3f370f33bad05fc726fb8b6a0b174ad6f0b6d954df58"
url = "https://github.com/tmux/tmux-builds/releases/download/v3.7b/tmux-3.7b-linux-x86_64.tar.gz"
url_api = "https://api.github.com/repos/tmux/tmux-builds/releases/assets/465072866"

[tools.tmux."platforms.macos-arm64"]
checksum = "sha256:ee66dbcd49613eb41dc6b2f3abc5cd39d9135d67b7dfef1fdb180a3dbdc01f1e"
url = "https://github.com/tmux/tmux-builds/releases/download/v3.7b/tmux-3.7b-macos-arm64.tar.gz"
url_api = "https://api.github.com/repos/tmux/tmux-builds/releases/assets/465072864"

[tools.tmux."platforms.macos-x64"]
checksum = "sha256:ea90f0d8e8998cf5a3a5921e985685844a13a7c3b5779f36870bd98b7f147fe6"
url = "https://github.com/tmux/tmux-builds/releases/download/v3.7b/tmux-3.7b-macos-x86_64.tar.gz"
url_api = "https://api.github.com/repos/tmux/tmux-builds/releases/assets/465072865"

[[tools.tree-sitter]]
version = "0.27.0"
backend = "aqua:tree-sitter/tree-sitter"

[tools.tree-sitter."platforms.linux-arm64"]
checksum = "sha256:3a35a2dd961ad842384e982c75daf792c01d1a67e442fc3914d4de37bd8a59cb"
url = "https://github.com/tree-sitter/tree-sitter/releases/download/v0.27.0/tree-sitter-linux-arm64.gz"
url_api = "https://api.github.com/repos/tree-sitter/tree-sitter/releases/assets/536857304"
provenance = "github-attestations"

[tools.tree-sitter."platforms.linux-arm64-musl"]
checksum = "sha256:3a35a2dd961ad842384e982c75daf792c01d1a67e442fc3914d4de37bd8a59cb"
url = "https://github.com/tree-sitter/tree-sitter/releases/download/v0.27.0/tree-sitter-linux-arm64.gz"
url_api = "https://api.github.com/repos/tree-sitter/tree-sitter/releases/assets/536857304"
provenance = "github-attestations"

[tools.tree-sitter."platforms.linux-x64"]
checksum = "sha256:20a1f39ec1c45f2211492dcb8881c802b643b554bb196869a29ac3778277fa77"
url = "https://github.com/tree-sitter/tree-sitter/releases/download/v0.27.0/tree-sitter-linux-x64.gz"
url_api = "https://api.github.com/repos/tree-sitter/tree-sitter/releases/assets/536857303"
provenance = "github-attestations"

[tools.tree-sitter."platforms.linux-x64-musl"]
checksum = "sha256:20a1f39ec1c45f2211492dcb8881c802b643b554bb196869a29ac3778277fa77"
url = "https://github.com/tree-sitter/tree-sitter/releases/download/v0.27.0/tree-sitter-linux-x64.gz"
url_api = "https://api.github.com/repos/tree-sitter/tree-sitter/releases/assets/536857303"
provenance = "github-attestations"

[tools.tree-sitter."platforms.macos-arm64"]
checksum = "sha256:70f7573b2b2e5371a5b58cc5227d2ad981fd5374596b9874e770af486060774e"
url = "https://github.com/tree-sitter/tree-sitter/releases/download/v0.27.0/tree-sitter-macos-arm64.gz"
url_api = "https://api.github.com/repos/tree-sitter/tree-sitter/releases/assets/536857317"
provenance = "github-attestations"

[tools.tree-sitter."platforms.macos-x64"]
checksum = "sha256:767528eaab3cca9d929fb96b4cb11cc9f03e09e293675151875c0fe5f79c06f0"
url = "https://github.com/tree-sitter/tree-sitter/releases/download/v0.27.0/tree-sitter-macos-x64.gz"
url_api = "https://api.github.com/repos/tree-sitter/tree-sitter/releases/assets/536857318"
provenance = "github-attestations"

[tools.tree-sitter."platforms.windows-x64"]
checksum = "sha256:2d6c014b4e91d3d302ba7b30b3b625914027c3861ae7817e068a273e3f034550"
url = "https://github.com/tree-sitter/tree-sitter/releases/download/v0.27.0/tree-sitter-windows-x64.gz"
url_api = "https://api.github.com/repos/tree-sitter/tree-sitter/releases/assets/536857325"
provenance = "github-attestations"

[[tools.vals]]
version = "0.47.0"
backend = "aqua:helmfile/vals"

[tools.vals."platforms.linux-arm64"]
checksum = "sha256:835f3d5d438ab92ce7929498b6fe0543d1972efde39cfd956b1ecda3dc6adff7"
url = "https://github.com/helmfile/vals/releases/download/v0.47.0/vals_0.47.0_linux_arm64.tar.gz"
url_api = "https://api.github.com/repos/helmfile/vals/releases/assets/578292727"

[tools.vals."platforms.linux-arm64-musl"]
checksum = "sha256:835f3d5d438ab92ce7929498b6fe0543d1972efde39cfd956b1ecda3dc6adff7"
url = "https://github.com/helmfile/vals/releases/download/v0.47.0/vals_0.47.0_linux_arm64.tar.gz"
url_api = "https://api.github.com/repos/helmfile/vals/releases/assets/578292727"

[tools.vals."platforms.linux-x64"]
checksum = "sha256:b327e52811c0c84c5adad26bf2536491e07fc75018a84a66109e1e5325a3d833"
url = "https://github.com/helmfile/vals/releases/download/v0.47.0/vals_0.47.0_linux_amd64.tar.gz"
url_api = "https://api.github.com/repos/helmfile/vals/releases/assets/578292795"

[tools.vals."platforms.linux-x64-musl"]
checksum = "sha256:b327e52811c0c84c5adad26bf2536491e07fc75018a84a66109e1e5325a3d833"
url = "https://github.com/helmfile/vals/releases/download/v0.47.0/vals_0.47.0_linux_amd64.tar.gz"
url_api = "https://api.github.com/repos/helmfile/vals/releases/assets/578292795"

[tools.vals."platforms.macos-arm64"]
checksum = "sha256:a76255090319c61e701d32633d4d89ccc7891f1e4bd3c1c8fa6bc38184df3fd4"
url = "https://github.com/helmfile/vals/releases/download/v0.47.0/vals_0.47.0_darwin_arm64.tar.gz"
url_api = "https://api.github.com/repos/helmfile/vals/releases/assets/578292723"

[tools.vals."platforms.macos-x64"]
checksum = "sha256:cd4bccad994fe37afed3ad2150378e713a10122421b95bcd709c2f6d3f9d0c3c"
url = "https://github.com/helmfile/vals/releases/download/v0.47.0/vals_0.47.0_darwin_amd64.tar.gz"
url_api = "https://api.github.com/repos/helmfile/vals/releases/assets/578292724"

[tools.vals."platforms.windows-x64"]
checksum = "sha256:bdb7e5e08d73637ccb57083f42961b4385e4a3270891f812dc53f8d1807847c8"
url = "https://github.com/helmfile/vals/releases/download/v0.47.0/vals_0.47.0_windows_amd64.tar.gz"
url_api = "https://api.github.com/repos/helmfile/vals/releases/assets/578292791"

[[tools.zoxide]]
version = "0.10.0"
backend = "aqua:ajeetdsouza/zoxide"

[tools.zoxide."platforms.linux-arm64"]
checksum = "sha256:f1f16c5d6298d63dee467eedea1cdcd8490e43e493bea43acd416dc9033ef641"
url = "https://github.com/ajeetdsouza/zoxide/releases/download/v0.10.0/zoxide-0.10.0-aarch64-unknown-linux-musl.tar.gz"
url_api = "https://api.github.com/repos/ajeetdsouza/zoxide/releases/assets/466316402"

[tools.zoxide."platforms.linux-arm64-musl"]
checksum = "sha256:f1f16c5d6298d63dee467eedea1cdcd8490e43e493bea43acd416dc9033ef641"
url = "https://github.com/ajeetdsouza/zoxide/releases/download/v0.10.0/zoxide-0.10.0-aarch64-unknown-linux-musl.tar.gz"
url_api = "https://api.github.com/repos/ajeetdsouza/zoxide/releases/assets/466316402"

[tools.zoxide."platforms.linux-x64"]
checksum = "sha256:2d93385b99f3e82cf2701609a1bffcad863fbeb75aa3fe7eb6be4d29be68b1ae"
url = "https://github.com/ajeetdsouza/zoxide/releases/download/v0.10.0/zoxide-0.10.0-x86_64-unknown-linux-musl.tar.gz"
url_api = "https://api.github.com/repos/ajeetdsouza/zoxide/releases/assets/466316293"

[tools.zoxide."platforms.linux-x64-musl"]
checksum = "sha256:2d93385b99f3e82cf2701609a1bffcad863fbeb75aa3fe7eb6be4d29be68b1ae"
url = "https://github.com/ajeetdsouza/zoxide/releases/download/v0.10.0/zoxide-0.10.0-x86_64-unknown-linux-musl.tar.gz"
url_api = "https://api.github.com/repos/ajeetdsouza/zoxide/releases/assets/466316293"

[tools.zoxide."platforms.macos-arm64"]
checksum = "sha256:b55ae6f2f5f23d0a6ccb3bd4eeb2af9c7e0a6556e5255c82100e40305129bbb0"
url = "https://github.com/ajeetdsouza/zoxide/releases/download/v0.10.0/zoxide-0.10.0-aarch64-apple-darwin.tar.gz"
url_api = "https://api.github.com/repos/ajeetdsouza/zoxide/releases/assets/466316174"

[tools.zoxide."platforms.macos-x64"]
checksum = "sha256:18ab7ae2633ad6e2ab79a4e665cbba1e95b7c872d44523326efb793202451dad"
url = "https://github.com/ajeetdsouza/zoxide/releases/download/v0.10.0/zoxide-0.10.0-x86_64-apple-darwin.tar.gz"
url_api = "https://api.github.com/repos/ajeetdsouza/zoxide/releases/assets/466316167"

[tools.zoxide."platforms.windows-x64"]
checksum = "sha256:f465ae548f8754c8e7edbc60b45fbf58c92bfe123db83d790252d6810fa5daf1"
url = "https://github.com/ajeetdsouza/zoxide/releases/download/v0.10.0/zoxide-0.10.0-x86_64-pc-windows-msvc.zip"
url_api = "https://api.github.com/repos/ajeetdsouza/zoxide/releases/assets/466316769"
